<?xml version="1.0" encoding="utf-8"?>
<Project ToolsVersion="4.0" xmlns="http://schemas.microsoft.com/developer/msbuild/2003">
  <ItemGroup>
    <Filter Include="Source Files">
      <UniqueIdentifier>{4FC737F1-C7A5-4376-A066-2A32D752A2FF}</UniqueIdentifier>
      <Extensions>cpp;cxx;c;def</Extensions>
    </Filter>
    <Filter Include="Header Files">
      <UniqueIdentifier>{93995380-89BD-4b04-88EB-625FBE52EBFB}</UniqueIdentifier>
      <Extensions>h</Extensions>
    </Filter>
    <Filter Include="Form Files">
      <UniqueIdentifier>{99349809-55BA-4b9d-BF79-8FDBB0286EB3}</UniqueIdentifier>
      <Extensions>ui</Extensions>
    </Filter>
    <Filter Include="Resource Files">
      <UniqueIdentifier>{D9D6E242-F8AF-46E4-B9FD-80ECBC20BA3E}</UniqueIdentifier>
      <Extensions>qrc;*</Extensions>
      <ParseFiles>false</ParseFiles>
    </Filter>
    <Filter Include="Generated Files">
      <UniqueIdentifier>{71ED8ED8-ACB9-4CE9-BBE1-E00B30144E11}</UniqueIdentifier>
      <Extensions>moc;h;cpp</Extensions>
      <SourceControlFiles>False</SourceControlFiles>
    </Filter>
    <Filter Include="Generated Files\Debug">
      <UniqueIdentifier>{c6b595f3-d115-433c-bb4b-1cab46eac66d}</UniqueIdentifier>
      <Extensions>cpp;moc</Extensions>
      <SourceControlFiles>False</SourceControlFiles>
    </Filter>
    <Filter Include="Generated Files\Release">
      <UniqueIdentifier>{ef18f168-8b5f-41e7-ac21-867067fca34a}</UniqueIdentifier>
      <Extensions>cpp;moc</Extensions>
      <SourceControlFiles>False</SourceControlFiles>
    </Filter>
    <Filter Include="websockets">
      <UniqueIdentifier>{21a09e02-d957-47c7-981c-d4ee875d3d53}</UniqueIdentifier>
    </Filter>
  </ItemGroup>
  <ItemGroup>
    <ClCompile Include="main.cpp">
      <Filter>Source Files</Filter>
    </ClCompile>
    <ClCompile Include="GeneratedFiles\qrc_mainform.cpp">
      <Filter>Generated Files</Filter>
    </ClCompile>
    <ClCompile Include="SlidingStackedWidget.cpp">
      <Filter>Source Files</Filter>
    </ClCompile>
    <ClCompile Include="GeneratedFiles\Debug\moc_SlidingStackedWidget.cpp">
      <Filter>Generated Files\Debug</Filter>
    </ClCompile>
    <ClCompile Include="GeneratedFiles\Release\moc_SlidingStackedWidget.cpp">
      <Filter>Generated Files\Release</Filter>
    </ClCompile>
    <ClCompile Include="DialogOptions.cpp">
      <Filter>Source Files</Filter>
    </ClCompile>
    <ClCompile Include="GeneratedFiles\Debug\moc_DialogOptions.cpp">
      <Filter>Generated Files\Debug</Filter>
    </ClCompile>
    <ClCompile Include="GeneratedFiles\Release\moc_DialogOptions.cpp">
      <Filter>Generated Files\Release</Filter>
    </ClCompile>
    <ClCompile Include="Canyon.cpp">
      <Filter>Source Files</Filter>
    </ClCompile>
    <ClCompile Include="MainForm.cpp">
      <Filter>Source Files</Filter>
    </ClCompile>
    <ClCompile Include="GeneratedFiles\Debug\moc_MainForm.cpp">
      <Filter>Generated Files\Debug</Filter>
    </ClCompile>
    <ClCompile Include="GeneratedFiles\Release\moc_MainForm.cpp">
      <Filter>Generated Files\Release</Filter>
    </ClCompile>
    <ClCompile Include="Notification.cpp">
      <Filter>Source Files</Filter>
    </ClCompile>
    <ClCompile Include="GeneratedFiles\Debug\moc_Notification.cpp">
      <Filter>Generated Files\Debug</Filter>
    </ClCompile>
    <ClCompile Include="GeneratedFiles\Release\moc_Notification.cpp">
      <Filter>Generated Files\Release</Filter>
    </ClCompile>
    <ClCompile Include="GeneratedFiles\Debug\moc_Peer.cpp">
      <Filter>Generated Files\Debug</Filter>
    </ClCompile>
    <ClCompile Include="GeneratedFiles\Release\moc_Peer.cpp">
      <Filter>Generated Files\Release</Filter>
    </ClCompile>
    <ClCompile Include="Server.cpp">
      <Filter>Source Files</Filter>
    </ClCompile>
    <ClCompile Include="Peer.cpp">
      <Filter>Source Files</Filter>
    </ClCompile>
    <ClCompile Include="Tincan.cpp">
      <Filter>Source Files</Filter>
    </ClCompile>
    <ClCompile Include="Dukto.cpp">
      <Filter>Source Files</Filter>
    </ClCompile>
    <ClCompile Include="GeneratedFiles\Debug\moc_Tincan.cpp">
      <Filter>Generated Files\Debug</Filter>
    </ClCompile>
    <ClCompile Include="GeneratedFiles\Release\moc_Tincan.cpp">
      <Filter>Generated Files\Release</Filter>
    </ClCompile>
    <ClCompile Include="GeneratedFiles\Debug\moc_Server.cpp">
      <Filter>Generated Files\Debug</Filter>
    </ClCompile>
    <ClCompile Include="GeneratedFiles\Release\moc_Server.cpp">
      <Filter>Generated Files\Release</Filter>
    </ClCompile>
    <ClCompile Include="GeneratedFiles\Debug\moc_Canyon.cpp">
      <Filter>Generated Files\Debug</Filter>
    </ClCompile>
    <ClCompile Include="GeneratedFiles\Release\moc_Canyon.cpp">
      <Filter>Generated Files\Release</Filter>
    </ClCompile>
    <ClCompile Include="GeneratedFiles\Debug\moc_CustomControls.cpp">
      <Filter>Generated Files\Debug</Filter>
    </ClCompile>
    <ClCompile Include="GeneratedFiles\Release\moc_CustomControls.cpp">
      <Filter>Generated Files\Release</Filter>
    </ClCompile>
    <ClCompile Include="CustomControls.cpp">
      <Filter>Source Files</Filter>
    </ClCompile>
    <ClCompile Include="websockets\functions.cpp">
      <Filter>websockets</Filter>
    </ClCompile>
    <ClCompile Include="websockets\QTlsServer.cpp">
      <Filter>websockets</Filter>
    </ClCompile>
    <ClCompile Include="GeneratedFiles\Debug\moc_QTlsServer.cpp">
      <Filter>Generated Files\Debug</Filter>
    </ClCompile>
    <ClCompile Include="GeneratedFiles\Release\moc_QTlsServer.cpp">
      <Filter>Generated Files\Release</Filter>
    </ClCompile>
    <ClCompile Include="websockets\QWsFrame.cpp">
      <Filter>websockets</Filter>
    </ClCompile>
    <ClCompile Include="websockets\QWsHandshake.cpp">
      <Filter>websockets</Filter>
    </ClCompile>
    <ClCompile Include="websockets\QWsServer.cpp">
      <Filter>websockets</Filter>
    </ClCompile>
    <ClCompile Include="GeneratedFiles\Debug\moc_QWsServer.cpp">
      <Filter>Generated Files\Debug</Filter>
    </ClCompile>
    <ClCompile Include="GeneratedFiles\Release\moc_QWsServer.cpp">
      <Filter>Generated Files\Release</Filter>
    </ClCompile>
    <ClCompile Include="websockets\QWsSocket.cpp">
      <Filter>websockets</Filter>
    </ClCompile>
    <ClCompile Include="GeneratedFiles\Debug\moc_QWsSocket.cpp">
      <Filter>Generated Files\Debug</Filter>
    </ClCompile>
    <ClCompile Include="GeneratedFiles\Release\moc_QWsSocket.cpp">
      <Filter>Generated Files\Release</Filter>
    </ClCompile>
    <ClCompile Include="GeneratedFiles\Debug\moc_Dukto.cpp">
      <Filter>Generated Files\Debug</Filter>
    </ClCompile>
    <ClCompile Include="GeneratedFiles\Release\moc_Dukto.cpp">
      <Filter>Generated Files\Release</Filter>
    </ClCompile>
  </ItemGroup>
  <ItemGroup>
    <CustomBuild Include="mainform.ui">
      <Filter>Form Files</Filter>
    </CustomBuild>
    <CustomBuild Include="mainform.qrc">
      <Filter>Resource Files</Filter>
    </CustomBuild>
    <CustomBuild Include="itempeer.ui">
      <Filter>Form Files</Filter>
    </CustomBuild>
    <CustomBuild Include="chatform.ui">
      <Filter>Form Files</Filter>
    </CustomBuild>
    <CustomBuild Include="optionsform.ui">
      <Filter>Form Files</Filter>
    </CustomBuild>
    <CustomBuild Include="SlidingStackedWidget.h">
      <Filter>Header Files</Filter>
    </CustomBuild>
    <CustomBuild Include="DialogOptions.h">
      <Filter>Header Files</Filter>
    </CustomBuild>
    <CustomBuild Include="DialogAddPeer.ui">
      <Filter>Form Files</Filter>
    </CustomBuild>
    <CustomBuild Include="Canyon.h">
      <Filter>Header Files</Filter>
    </CustomBuild>
    <CustomBuild Include="MainForm.h">
      <Filter>Header Files</Filter>
    </CustomBuild>
    <CustomBuild Include="itemnotification.ui">
      <Filter>Form Files</Filter>
    </CustomBuild>
    <CustomBuild Include="Notification.h">
      <Filter>Header Files</Filter>
    </CustomBuild>
    <CustomBuild Include="Peer.h">
      <Filter>Header Files</Filter>
    </CustomBuild>
    <CustomBuild Include="GeneratedFiles\ui_chatform.h">
      <Filter>Generated Files</Filter>
    </CustomBuild>
    <CustomBuild Include="Tincan.h">
      <Filter>Header Files</Filter>
    </CustomBuild>
    <CustomBuild Include="Server.h">
      <Filter>Header Files</Filter>
    </CustomBuild>
    <CustomBuild Include="GeneratedFiles\CustomControls.h">
      <Filter>Header Files</Filter>
    </CustomBuild>
    <CustomBuild Include="websockets\QTlsServer.h">
      <Filter>websockets</Filter>
    </CustomBuild>
    <CustomBuild Include="websockets\QWsServer.h">
      <Filter>websockets</Filter>
    </CustomBuild>
    <CustomBuild Include="websockets\QWsSocket.h">
      <Filter>websockets</Filter>
    </CustomBuild>
    <CustomBuild Include="Dukto.h">
      <Filter>Header Files</Filter>
    </CustomBuild>
  </ItemGroup>
  <ItemGroup>
    <ClInclude Include="GeneratedFiles\ui_mainform.h">
      <Filter>Generated Files</Filter>
    </ClInclude>
    <ClInclude Include="GeneratedFiles\ui_itempeer.h">
      <Filter>Generated Files</Filter>
    </ClInclude>
    <ClInclude Include="GeneratedFiles\ui_optionsform.h">
      <Filter>Generated Files</Filter>
    </ClInclude>
    <ClInclude Include="GeneratedFiles\ui_DialogAddPeer.h">
      <Filter>Generated Files</Filter>
    </ClInclude>
    <ClInclude Include="GeneratedFiles\ui_itemnotification.h">
      <Filter>Generated Files</Filter>
    </ClInclude>
    <ClInclude Include="resource.h">
      <Filter>Header Files</Filter>
    </ClInclude>
    <ClInclude Include="websockets\functions.h">
      <Filter>websockets</Filter>
    </ClInclude>
    <ClInclude Include="websockets\QWsFrame.h">
      <Filter>websockets</Filter>
    </ClInclude>
    <ClInclude Include="websockets\QWsHandshake.h">
      <Filter>websockets</Filter>
    </ClInclude>
    <ClInclude Include="websockets\WsEnums.h">
      <Filter>websockets</Filter>
    </ClInclude>
  </ItemGroup>
  <ItemGroup>
    <ResourceCompile Include="Canyon.rc">
      <Filter>Resource Files</Filter>
    </ResourceCompile>
  </ItemGroup>
  <ItemGroup>
    <None Include="Canyon.ico" />
  </ItemGroup>
</Project>